
Microsoft Visual Studio Solution File, Format Version 12.00
# Visual Studio Version 17
VisualStudioVersion = 17.10.35013.160
MinimumVisualStudioVersion = 10.0.40219.1
Project("{9A19103F-16F7-4668-BE54-9A1E7A4F7556}") = "EasyEstate", "EasyEstate.csproj", "{32707148-4903-44DC-852F-7C7DDE9E7314}"
EndProject
Project("{9A19103F-16F7-4668-BE54-9A1E7A4F7556}") = "BussinessLayer", "..\Bussiness Layer\BussinessLayer.csproj", "{BA48F541-9867-4F5F-A80D-CBF12E18A5F8}"
EndProject
Project("{9A19103F-16F7-4668-BE54-9A1E7A4F7556}") = "DataAccessLayer", "..\Data Access Layer\DataAccessLayer.csproj", "{7BB0248F-C0B0-4BB3-9617-96FDCA6731B0}"
EndProject
Project("{9A19103F-16F7-4668-BE54-9A1E7A4F7556}") = "EntitiyLayer", "..\Entitiy Layer\EntitiyLayer.csproj", "{044F2094-355F-493A-A067-171116949AA0}"
EndProject
Project("{9A19103F-16F7-4668-BE54-9A1E7A4F7556}") = "ExceptionLayer", "..\ExceptionLayer\ExceptionLayer.csproj", "{982DF8A9-A722-48DC-8030-846466D09DB0}"
EndProject
Global
	GlobalSection(SolutionConfigurationPlatforms) = preSolution
		Debug|Any CPU = Debug|Any CPU
		Release|Any CPU = Release|Any CPU
	EndGlobalSection
	GlobalSection(ProjectConfigurationPlatforms) = postSolution
		{32707148-4903-44DC-852F-7C7DDE9E7314}.Debug|Any CPU.ActiveCfg = Debug|Any CPU
		{32707148-4903-44DC-852F-7C7DDE9E7314}.Debug|Any CPU.Build.0 = Debug|Any CPU
		{32707148-4903-44DC-852F-7C7DDE9E7314}.Release|Any CPU.ActiveCfg = Release|Any CPU
		{32707148-4903-44DC-852F-7C7DDE9E7314}.Release|Any CPU.Build.0 = Release|Any CPU
		{BA48F541-9867-4F5F-A80D-CBF12E18A5F8}.Debug|Any CPU.ActiveCfg = Debug|Any CPU
		{BA48F541-9867-4F5F-A80D-CBF12E18A5F8}.Debug|Any CPU.Build.0 = Debug|Any CPU
		{BA48F541-9867-4F5F-A80D-CBF12E18A5F8}.Release|Any CPU.ActiveCfg = Release|Any CPU
		{BA48F541-9867-4F5F-A80D-CBF12E18A5F8}.Release|Any CPU.Build.0 = Release|Any CPU
		{7BB0248F-C0B0-4BB3-9617-96FDCA6731B0}.Debug|Any CPU.ActiveCfg = Debug|Any CPU
		{7BB0248F-C0B0-4BB3-9617-96FDCA6731B0}.Debug|Any CPU.Build.0 = Debug|Any CPU
		{7BB0248F-C0B0-4BB3-9617-96FDCA6731B0}.Release|Any CPU.ActiveCfg = Release|Any CPU
		{7BB0248F-C0B0-4BB3-9617-96FDCA6731B0}.Release|Any CPU.Build.0 = Release|Any CPU
		{044F2094-355F-493A-A067-171116949AA0}.Debug|Any CPU.ActiveCfg = Debug|Any CPU
		{044F2094-355F-493A-A067-171116949AA0}.Debug|Any CPU.Build.0 = Debug|Any CPU
		{044F2094-355F-493A-A067-171116949AA0}.Release|Any CPU.ActiveCfg = Release|Any CPU
		{044F2094-355F-493A-A067-171116949AA0}.Release|Any CPU.Build.0 = Release|Any CPU
		{982DF8A9-A722-48DC-8030-846466D09DB0}.Debug|Any CPU.ActiveCfg = Debug|Any CPU
		{982DF8A9-A722-48DC-8030-846466D09DB0}.Debug|Any CPU.Build.0 = Debug|Any CPU
		{982DF8A9-A722-48DC-8030-846466D09DB0}.Release|Any CPU.ActiveCfg = Release|Any CPU
		{982DF8A9-A722-48DC-8030-846466D09DB0}.Release|Any CPU.Build.0 = Release|Any CPU
	EndGlobalSection
	GlobalSection(SolutionProperties) = preSolution
		HideSolutionNode = FALSE
	EndGlobalSection
	GlobalSection(ExtensibilityGlobals) = postSolution
		SolutionGuid = {C2170EAD-A5D1-417A-BBDA-AC9F4891A5A8}
	EndGlobalSection
EndGlobal
